
Microsoft Visual Studio Solution File, Format Version 12.00
# Visual Studio Version 17
VisualStudioVersion = 17.14.36414.22 d17.14
MinimumVisualStudioVersion = 10.0.40219.1
Project("{FAE04EC0-301F-11D3-BF4B-00C04F79EFBC}") = "MoneyPenny", "MoneyPenny.csproj", "{CC51D4A3-8610-A379-94D3-39B2E26FEC67}"
EndProject
Global
	GlobalSection(SolutionConfigurationPlatforms) = preSolution
		Debug|Any CPU = Debug|Any CPU
		Release|Any CPU = Release|Any CPU
	EndGlobalSection
	GlobalSection(ProjectConfigurationPlatforms) = postSolution
		{CC51D4A3-8610-A379-94D3-39B2E26FEC67}.Debug|Any CPU.ActiveCfg = Debug|Any CPU
		{CC51D4A3-8610-A379-94D3-39B2E26FEC67}.Debug|Any CPU.Build.0 = Debug|Any CPU
		{CC51D4A3-8610-A379-94D3-39B2E26FEC67}.Release|Any CPU.ActiveCfg = Release|Any CPU
		{CC51D4A3-8610-A379-94D3-39B2E26FEC67}.Release|Any CPU.Build.0 = Release|Any CPU
	EndGlobalSection
	GlobalSection(SolutionProperties) = preSolution
		HideSolutionNode = FALSE
	EndGlobalSection
	GlobalSection(ExtensibilityGlobals) = postSolution
		SolutionGuid = {B7668821-F643-429B-872D-CAFB8537B9DA}
	EndGlobalSection
EndGlobal
